
Microsoft Visual Studio Solution File, Format Version 12.00
# Visual Studio Version 17
VisualStudioVersion = 17.10.34916.146
MinimumVisualStudioVersion = 10.0.40219.1
Project("{FAE04EC0-301F-11D3-BF4B-00C04F79EFBC}") = "DotNetAuth", "DotNetAuth.csproj", "{7294156F-012C-4CDF-897F-962C6C073AEF}"
EndProject
Global
	GlobalSection(SolutionConfigurationPlatforms) = preSolution
		Debug|Any CPU = Debug|Any CPU
		Release|Any CPU = Release|Any CPU
	EndGlobalSection
	GlobalSection(ProjectConfigurationPlatforms) = postSolution
		{7294156F-012C-4CDF-897F-962C6C073AEF}.Debug|Any CPU.ActiveCfg = Debug|Any CPU
		{7294156F-012C-4CDF-897F-962C6C073AEF}.Debug|Any CPU.Build.0 = Debug|Any CPU
		{7294156F-012C-4CDF-897F-962C6C073AEF}.Release|Any CPU.ActiveCfg = Release|Any CPU
		{7294156F-012C-4CDF-897F-962C6C073AEF}.Release|Any CPU.Build.0 = Release|Any CPU
	EndGlobalSection
	GlobalSection(SolutionProperties) = preSolution
		HideSolutionNode = FALSE
	EndGlobalSection
	GlobalSection(ExtensibilityGlobals) = postSolution
		SolutionGuid = {F86A7599-C3EB-4681-B8B7-D1E68A147CA5}
	EndGlobalSection
EndGlobal
